# This file is automatically @generated by Cargo.
# It is not intended for manual editing.
version = 4

[[package]]
name = "jarust-analyzer"
version = "0.1.0"
dependencies = [
 "jarust-ast",
]

[[package]]
name = "jarust-ast"
version = "0.1.0"

[[package]]
name = "jarust-cli"
version = "0.1.0"
dependencies = [
 "jarust-analyzer",
]
